
Microsoft Visual Studio Solution File, Format Version 12.00
Project("{2150E333-8FDC-42A3-9474-1A3956D46DE8}") = "apps", "apps", "{1787FE1D-075E-9E68-7218-25F1BD1BBEAB}"
EndProject
Project("{2150E333-8FDC-42A3-9474-1A3956D46DE8}") = "backend", "backend", "{270F7A58-C097-D64B-0343-582534E94D4F}"
EndProject
Project("{2150E333-8FDC-42A3-9474-1A3956D46DE8}") = "src", "src", "{7F29E1A1-8D7A-F2DF-352A-5BEECA50906C}"
EndProject
Project("{FAE04EC0-301F-11D3-BF4B-00C04F79EFBC}") = "App.Domain", "apps\backend\src\App.Domain\App.Domain.csproj", "{8A95FFB4-79AF-40AE-BF29-83C7D95AE017}"
EndProject
Project("{FAE04EC0-301F-11D3-BF4B-00C04F79EFBC}") = "App.Application", "apps\backend\src\App.Application\App.Application.csproj", "{82AB76DA-10D3-4FE4-979B-DC08D0184683}"
EndProject
Project("{FAE04EC0-301F-11D3-BF4B-00C04F79EFBC}") = "App.Infrastructure", "apps\backend\src\App.Infrastructure\App.Infrastructure.csproj", "{F01F2EE5-AD07-4DC9-B7EB-49FFEF9FD208}"
EndProject
Project("{FAE04EC0-301F-11D3-BF4B-00C04F79EFBC}") = "App.Api", "apps\backend\src\App.Api\App.Api.csproj", "{CBA1D89F-D430-4EAF-AECA-FEC4F4B5365B}"
EndProject
Project("{FAE04EC0-301F-11D3-BF4B-00C04F79EFBC}") = "App.Worker", "apps\backend\src\App.Worker\App.Worker.csproj", "{22364241-6920-48DA-ACF2-A1E2E635B74A}"
EndProject
Project("{2150E333-8FDC-42A3-9474-1A3956D46DE8}") = "tests", "tests", "{86816D41-FC78-938E-F466-B88F93DEE6A6}"
EndProject
Project("{FAE04EC0-301F-11D3-BF4B-00C04F79EFBC}") = "App.UnitTests", "apps\backend\tests\App.UnitTests\App.UnitTests.csproj", "{AB669E98-7471-446E-BA34-11738DE56BD1}"
EndProject
Project("{FAE04EC0-301F-11D3-BF4B-00C04F79EFBC}") = "App.IntegrationTests", "apps\backend\tests\App.IntegrationTests\App.IntegrationTests.csproj", "{B61C4BC1-4433-4C42-851B-490F40734CF8}"
EndProject
Project("{FAE04EC0-301F-11D3-BF4B-00C04F79EFBC}") = "App.ApiTests", "apps\backend\tests\App.ApiTests\App.ApiTests.csproj", "{99251F91-90FF-4AA7-9077-620473B9E255}"
EndProject
Global
	GlobalSection(SolutionConfigurationPlatforms) = preSolution
		Debug|Any CPU = Debug|Any CPU
		Debug|x64 = Debug|x64
		Debug|x86 = Debug|x86
		Release|Any CPU = Release|Any CPU
		Release|x64 = Release|x64
		Release|x86 = Release|x86
	EndGlobalSection
	GlobalSection(ProjectConfigurationPlatforms) = postSolution
		{8A95FFB4-79AF-40AE-BF29-83C7D95AE017}.Debug|Any CPU.ActiveCfg = Debug|Any CPU
		{8A95FFB4-79AF-40AE-BF29-83C7D95AE017}.Debug|Any CPU.Build.0 = Debug|Any CPU
		{8A95FFB4-79AF-40AE-BF29-83C7D95AE017}.Debug|x64.ActiveCfg = Debug|Any CPU
		{8A95FFB4-79AF-40AE-BF29-83C7D95AE017}.Debug|x64.Build.0 = Debug|Any CPU
		{8A95FFB4-79AF-40AE-BF29-83C7D95AE017}.Debug|x86.ActiveCfg = Debug|Any CPU
		{8A95FFB4-79AF-40AE-BF29-83C7D95AE017}.Debug|x86.Build.0 = Debug|Any CPU
		{8A95FFB4-79AF-40AE-BF29-83C7D95AE017}.Release|Any CPU.ActiveCfg = Release|Any CPU
		{8A95FFB4-79AF-40AE-BF29-83C7D95AE017}.Release|Any CPU.Build.0 = Release|Any CPU
		{8A95FFB4-79AF-40AE-BF29-83C7D95AE017}.Release|x64.ActiveCfg = Release|Any CPU
		{8A95FFB4-79AF-40AE-BF29-83C7D95AE017}.Release|x64.Build.0 = Release|Any CPU
		{8A95FFB4-79AF-40AE-BF29-83C7D95AE017}.Release|x86.ActiveCfg = Release|Any CPU
		{8A95FFB4-79AF-40AE-BF29-83C7D95AE017}.Release|x86.Build.0 = Release|Any CPU
		{82AB76DA-10D3-4FE4-979B-DC08D0184683}.Debug|Any CPU.ActiveCfg = Debug|Any CPU
		{82AB76DA-10D3-4FE4-979B-DC08D0184683}.Debug|Any CPU.Build.0 = Debug|Any CPU
		{82AB76DA-10D3-4FE4-979B-DC08D0184683}.Debug|x64.ActiveCfg = Debug|Any CPU
		{82AB76DA-10D3-4FE4-979B-DC08D0184683}.Debug|x64.Build.0 = Debug|Any CPU
		{82AB76DA-10D3-4FE4-979B-DC08D0184683}.Debug|x86.ActiveCfg = Debug|Any CPU
		{82AB76DA-10D3-4FE4-979B-DC08D0184683}.Debug|x86.Build.0 = Debug|Any CPU
		{82AB76DA-10D3-4FE4-979B-DC08D0184683}.Release|Any CPU.ActiveCfg = Release|Any CPU
		{82AB76DA-10D3-4FE4-979B-DC08D0184683}.Release|Any CPU.Build.0 = Release|Any CPU
		{82AB76DA-10D3-4FE4-979B-DC08D0184683}.Release|x64.ActiveCfg = Release|Any CPU
		{82AB76DA-10D3-4FE4-979B-DC08D0184683}.Release|x64.Build.0 = Release|Any CPU
		{82AB76DA-10D3-4FE4-979B-DC08D0184683}.Release|x86.ActiveCfg = Release|Any CPU
		{82AB76DA-10D3-4FE4-979B-DC08D0184683}.Release|x86.Build.0 = Release|Any CPU
		{F01F2EE5-AD07-4DC9-B7EB-49FFEF9FD208}.Debug|Any CPU.ActiveCfg = Debug|Any CPU
		{F01F2EE5-AD07-4DC9-B7EB-49FFEF9FD208}.Debug|Any CPU.Build.0 = Debug|Any CPU
		{F01F2EE5-AD07-4DC9-B7EB-49FFEF9FD208}.Debug|x64.ActiveCfg = Debug|Any CPU
		{F01F2EE5-AD07-4DC9-B7EB-49FFEF9FD208}.Debug|x64.Build.0 = Debug|Any CPU
		{F01F2EE5-AD07-4DC9-B7EB-49FFEF9FD208}.Debug|x86.ActiveCfg = Debug|Any CPU
		{F01F2EE5-AD07-4DC9-B7EB-49FFEF9FD208}.Debug|x86.Build.0 = Debug|Any CPU
		{F01F2EE5-AD07-4DC9-B7EB-49FFEF9FD208}.Release|Any CPU.ActiveCfg = Release|Any CPU
		{F01F2EE5-AD07-4DC9-B7EB-49FFEF9FD208}.Release|Any CPU.Build.0 = Release|Any CPU
		{F01F2EE5-AD07-4DC9-B7EB-49FFEF9FD208}.Release|x64.ActiveCfg = Release|Any CPU
		{F01F2EE5-AD07-4DC9-B7EB-49FFEF9FD208}.Release|x64.Build.0 = Release|Any CPU
		{F01F2EE5-AD07-4DC9-B7EB-49FFEF9FD208}.Release|x86.ActiveCfg = Release|Any CPU
		{F01F2EE5-AD07-4DC9-B7EB-49FFEF9FD208}.Release|x86.Build.0 = Release|Any CPU
		{CBA1D89F-D430-4EAF-AECA-FEC4F4B5365B}.Debug|Any CPU.ActiveCfg = Debug|Any CPU
		{CBA1D89F-D430-4EAF-AECA-FEC4F4B5365B}.Debug|Any CPU.Build.0 = Debug|Any CPU
		{CBA1D89F-D430-4EAF-AECA-FEC4F4B5365B}.Debug|x64.ActiveCfg = Debug|Any CPU
		{CBA1D89F-D430-4EAF-AECA-FEC4F4B5365B}.Debug|x64.Build.0 = Debug|Any CPU
		{CBA1D89F-D430-4EAF-AECA-FEC4F4B5365B}.Debug|x86.ActiveCfg = Debug|Any CPU
		{CBA1D89F-D430-4EAF-AECA-FEC4F4B5365B}.Debug|x86.Build.0 = Debug|Any CPU
		{CBA1D89F-D430-4EAF-AECA-FEC4F4B5365B}.Release|Any CPU.ActiveCfg = Release|Any CPU
		{CBA1D89F-D430-4EAF-AECA-FEC4F4B5365B}.Release|Any CPU.Build.0 = Release|Any CPU
		{CBA1D89F-D430-4EAF-AECA-FEC4F4B5365B}.Release|x64.ActiveCfg = Release|Any CPU
		{CBA1D89F-D430-4EAF-AECA-FEC4F4B5365B}.Release|x64.Build.0 = Release|Any CPU
		{CBA1D89F-D430-4EAF-AECA-FEC4F4B5365B}.Release|x86.ActiveCfg = Release|Any CPU
		{CBA1D89F-D430-4EAF-AECA-FEC4F4B5365B}.Release|x86.Build.0 = Release|Any CPU
		{22364241-6920-48DA-ACF2-A1E2E635B74A}.Debug|Any CPU.ActiveCfg = Debug|Any CPU
		{22364241-6920-48DA-ACF2-A1E2E635B74A}.Debug|Any CPU.Build.0 = Debug|Any CPU
		{22364241-6920-48DA-ACF2-A1E2E635B74A}.Debug|x64.ActiveCfg = Debug|Any CPU
		{22364241-6920-48DA-ACF2-A1E2E635B74A}.Debug|x64.Build.0 = Debug|Any CPU
		{22364241-6920-48DA-ACF2-A1E2E635B74A}.Debug|x86.ActiveCfg = Debug|Any CPU
		{22364241-6920-48DA-ACF2-A1E2E635B74A}.Debug|x86.Build.0 = Debug|Any CPU
		{22364241-6920-48DA-ACF2-A1E2E635B74A}.Release|Any CPU.ActiveCfg = Release|Any CPU
		{22364241-6920-48DA-ACF2-A1E2E635B74A}.Release|Any CPU.Build.0 = Release|Any CPU
		{22364241-6920-48DA-ACF2-A1E2E635B74A}.Release|x64.ActiveCfg = Release|Any CPU
		{22364241-6920-48DA-ACF2-A1E2E635B74A}.Release|x64.Build.0 = Release|Any CPU
		{22364241-6920-48DA-ACF2-A1E2E635B74A}.Release|x86.ActiveCfg = Release|Any CPU
		{22364241-6920-48DA-ACF2-A1E2E635B74A}.Release|x86.Build.0 = Release|Any CPU
		{AB669E98-7471-446E-BA34-11738DE56BD1}.Debug|Any CPU.ActiveCfg = Debug|Any CPU
		{AB669E98-7471-446E-BA34-11738DE56BD1}.Debug|Any CPU.Build.0 = Debug|Any CPU
		{AB669E98-7471-446E-BA34-11738DE56BD1}.Debug|x64.ActiveCfg = Debug|Any CPU
		{AB669E98-7471-446E-BA34-11738DE56BD1}.Debug|x64.Build.0 = Debug|Any CPU
		{AB669E98-7471-446E-BA34-11738DE56BD1}.Debug|x86.ActiveCfg = Debug|Any CPU
		{AB669E98-7471-446E-BA34-11738DE56BD1}.Debug|x86.Build.0 = Debug|Any CPU
		{AB669E98-7471-446E-BA34-11738DE56BD1}.Release|Any CPU.ActiveCfg = Release|Any CPU
		{AB669E98-7471-446E-BA34-11738DE56BD1}.Release|Any CPU.Build.0 = Release|Any CPU
		{AB669E98-7471-446E-BA34-11738DE56BD1}.Release|x64.ActiveCfg = Release|Any CPU
		{AB669E98-7471-446E-BA34-11738DE56BD1}.Release|x64.Build.0 = Release|Any CPU
		{AB669E98-7471-446E-BA34-11738DE56BD1}.Release|x86.ActiveCfg = Release|Any CPU
		{AB669E98-7471-446E-BA34-11738DE56BD1}.Release|x86.Build.0 = Release|Any CPU
		{B61C4BC1-4433-4C42-851B-490F40734CF8}.Debug|Any CPU.ActiveCfg = Debug|Any CPU
		{B61C4BC1-4433-4C42-851B-490F40734CF8}.Debug|Any CPU.Build.0 = Debug|Any CPU
		{B61C4BC1-4433-4C42-851B-490F40734CF8}.Debug|x64.ActiveCfg = Debug|Any CPU
		{B61C4BC1-4433-4C42-851B-490F40734CF8}.Debug|x64.Build.0 = Debug|Any CPU
		{B61C4BC1-4433-4C42-851B-490F40734CF8}.Debug|x86.ActiveCfg = Debug|Any CPU
		{B61C4BC1-4433-4C42-851B-490F40734CF8}.Debug|x86.Build.0 = Debug|Any CPU
		{B61C4BC1-4433-4C42-851B-490F40734CF8}.Release|Any CPU.ActiveCfg = Release|Any CPU
		{B61C4BC1-4433-4C42-851B-490F40734CF8}.Release|Any CPU.Build.0 = Release|Any CPU
		{B61C4BC1-4433-4C42-851B-490F40734CF8}.Release|x64.ActiveCfg = Release|Any CPU
		{B61C4BC1-4433-4C42-851B-490F40734CF8}.Release|x64.Build.0 = Release|Any CPU
		{B61C4BC1-4433-4C42-851B-490F40734CF8}.Release|x86.ActiveCfg = Release|Any CPU
		{B61C4BC1-4433-4C42-851B-490F40734CF8}.Release|x86.Build.0 = Release|Any CPU
		{99251F91-90FF-4AA7-9077-620473B9E255}.Debug|Any CPU.ActiveCfg = Debug|Any CPU
		{99251F91-90FF-4AA7-9077-620473B9E255}.Debug|Any CPU.Build.0 = Debug|Any CPU
		{99251F91-90FF-4AA7-9077-620473B9E255}.Debug|x64.ActiveCfg = Debug|Any CPU
		{99251F91-90FF-4AA7-9077-620473B9E255}.Debug|x64.Build.0 = Debug|Any CPU
		{99251F91-90FF-4AA7-9077-620473B9E255}.Debug|x86.ActiveCfg = Debug|Any CPU
		{99251F91-90FF-4AA7-9077-620473B9E255}.Debug|x86.Build.0 = Debug|Any CPU
		{99251F91-90FF-4AA7-9077-620473B9E255}.Release|Any CPU.ActiveCfg = Release|Any CPU
		{99251F91-90FF-4AA7-9077-620473B9E255}.Release|Any CPU.Build.0 = Release|Any CPU
		{99251F91-90FF-4AA7-9077-620473B9E255}.Release|x64.ActiveCfg = Release|Any CPU
		{99251F91-90FF-4AA7-9077-620473B9E255}.Release|x64.Build.0 = Release|Any CPU
		{99251F91-90FF-4AA7-9077-620473B9E255}.Release|x86.ActiveCfg = Release|Any CPU
		{99251F91-90FF-4AA7-9077-620473B9E255}.Release|x86.Build.0 = Release|Any CPU
	EndGlobalSection
	GlobalSection(SolutionProperties) = preSolution
		HideSolutionNode = FALSE
	EndGlobalSection
	GlobalSection(NestedProjects) = preSolution
		{270F7A58-C097-D64B-0343-582534E94D4F} = {1787FE1D-075E-9E68-7218-25F1BD1BBEAB}
		{7F29E1A1-8D7A-F2DF-352A-5BEECA50906C} = {270F7A58-C097-D64B-0343-582534E94D4F}
		{8A95FFB4-79AF-40AE-BF29-83C7D95AE017} = {7F29E1A1-8D7A-F2DF-352A-5BEECA50906C}
		{82AB76DA-10D3-4FE4-979B-DC08D0184683} = {7F29E1A1-8D7A-F2DF-352A-5BEECA50906C}
		{F01F2EE5-AD07-4DC9-B7EB-49FFEF9FD208} = {7F29E1A1-8D7A-F2DF-352A-5BEECA50906C}
		{CBA1D89F-D430-4EAF-AECA-FEC4F4B5365B} = {7F29E1A1-8D7A-F2DF-352A-5BEECA50906C}
		{22364241-6920-48DA-ACF2-A1E2E635B74A} = {7F29E1A1-8D7A-F2DF-352A-5BEECA50906C}
		{86816D41-FC78-938E-F466-B88F93DEE6A6} = {270F7A58-C097-D64B-0343-582534E94D4F}
		{AB669E98-7471-446E-BA34-11738DE56BD1} = {86816D41-FC78-938E-F466-B88F93DEE6A6}
		{B61C4BC1-4433-4C42-851B-490F40734CF8} = {86816D41-FC78-938E-F466-B88F93DEE6A6}
		{99251F91-90FF-4AA7-9077-620473B9E255} = {86816D41-FC78-938E-F466-B88F93DEE6A6}
	EndGlobalSection
EndGlobal
